# THIS IS AN AUTOGENERATED FILE. DO NOT EDIT THIS FILE DIRECTLY.
# yarn lockfile v1


conditional-type-checks@^1.0.5:
  version "1.0.5"
  resolved "https://registry.yarnpkg.com/conditional-type-checks/-/conditional-type-checks-1.0.5.tgz#310ecd13c46c3963fbe9a2f8f93511d88cdcc973"
  integrity sha512-DkfkvmjXVe4ye4llJ1JADtO3dNvqqcQM08cA9BhNt9Oe8pyRW8X1CZyBg9Qst05bDV9BJM01KLmnFh78NcJgNg==
